
Microsoft Visual Studio Solution File, Format Version 12.00
# Visual Studio Version 17
VisualStudioVersion = 17.7.34031.279
MinimumVisualStudioVersion = 10.0.40219.1
Project("{FAE04EC0-301F-11D3-BF4B-00C04F79EFBC}") = "AssistedProjects-WorkingWithText", "AssistedProjects-WorkingWithText\AssistedProjects-WorkingWithText.csproj", "{EFE4E8AD-9BEF-4B14-9C4B-27837E38E7EC}"
EndProject
Global
	GlobalSection(SolutionConfigurationPlatforms) = preSolution
		Debug|Any CPU = Debug|Any CPU
		Release|Any CPU = Release|Any CPU
	EndGlobalSection
	GlobalSection(ProjectConfigurationPlatforms) = postSolution
		{EFE4E8AD-9BEF-4B14-9C4B-27837E38E7EC}.Debug|Any CPU.ActiveCfg = Debug|Any CPU
		{EFE4E8AD-9BEF-4B14-9C4B-27837E38E7EC}.Debug|Any CPU.Build.0 = Debug|Any CPU
		{EFE4E8AD-9BEF-4B14-9C4B-27837E38E7EC}.Release|Any CPU.ActiveCfg = Release|Any CPU
		{EFE4E8AD-9BEF-4B14-9C4B-27837E38E7EC}.Release|Any CPU.Build.0 = Release|Any CPU
	EndGlobalSection
	GlobalSection(SolutionProperties) = preSolution
		HideSolutionNode = FALSE
	EndGlobalSection
	GlobalSection(ExtensibilityGlobals) = postSolution
		SolutionGuid = {F7D1F790-1463-4F32-A7D0-71477406596D}
	EndGlobalSection
EndGlobal
